
Microsoft Visual Studio Solution File, Format Version 12.00
# Visual Studio 15
VisualStudioVersion = 15.0.28307.1500
MinimumVisualStudioVersion = 10.0.40219.1
Project("{FAE04EC0-301F-11D3-BF4B-00C04F79EFBC}") = "DebugDllWithoutCloseCad", "DebugDllWithoutCloseCad\DebugDllWithoutCloseCad.csproj", "{C7D2AACB-16FD-4E3B-B308-E8A94B41E11F}"
EndProject
Project("{FAE04EC0-301F-11D3-BF4B-00C04F79EFBC}") = "CadProgram", "CadProgram\CadProgram.csproj", "{908F5ED0-8F4C-4D7D-A868-EBFA0998D3FC}"
EndProject
Global
	GlobalSection(SolutionConfigurationPlatforms) = preSolution
		Debug|Any CPU = Debug|Any CPU
		Release|Any CPU = Release|Any CPU
	EndGlobalSection
	GlobalSection(ProjectConfigurationPlatforms) = postSolution
		{C7D2AACB-16FD-4E3B-B308-E8A94B41E11F}.Debug|Any CPU.ActiveCfg = Debug|Any CPU
		{C7D2AACB-16FD-4E3B-B308-E8A94B41E11F}.Debug|Any CPU.Build.0 = Debug|Any CPU
		{C7D2AACB-16FD-4E3B-B308-E8A94B41E11F}.Release|Any CPU.ActiveCfg = Release|Any CPU
		{C7D2AACB-16FD-4E3B-B308-E8A94B41E11F}.Release|Any CPU.Build.0 = Release|Any CPU
		{908F5ED0-8F4C-4D7D-A868-EBFA0998D3FC}.Debug|Any CPU.ActiveCfg = Debug|Any CPU
		{908F5ED0-8F4C-4D7D-A868-EBFA0998D3FC}.Debug|Any CPU.Build.0 = Debug|Any CPU
		{908F5ED0-8F4C-4D7D-A868-EBFA0998D3FC}.Release|Any CPU.ActiveCfg = Release|Any CPU
		{908F5ED0-8F4C-4D7D-A868-EBFA0998D3FC}.Release|Any CPU.Build.0 = Release|Any CPU
	EndGlobalSection
	GlobalSection(SolutionProperties) = preSolution
		HideSolutionNode = FALSE
	EndGlobalSection
	GlobalSection(ExtensibilityGlobals) = postSolution
		SolutionGuid = {3CB1E63C-DCED-4B66-92BA-A9ED3AFCD771}
	EndGlobalSection
EndGlobal
